Microsoft Visual Studio Solution File, Format Version 12.00
# Visual Studio Version 17
VisualStudioVersion = 17.0.31903.59
MinimumVisualStudioVersion = 10.0.40219.1
Project("{8BC9CEB8-8B4A-11D0-8D11-00A0C91BC942}") = "NekoTaskManager", "NekoTaskManager.vcxproj", "{A8E2FB63-9E7E-44E5-9A64-90E20AF61A01}"
EndProject
Global
	GlobalSection(SolutionConfigurationPlatforms) = preSolution
		Debug|x64 = Debug|x64
		Release|x64 = Release|x64
	EndGlobalSection
	GlobalSection(ProjectConfigurationPlatforms) = postSolution
		{A8E2FB63-9E7E-44E5-9A64-90E20AF61A01}.Debug|x64.ActiveCfg = Debug|x64
		{A8E2FB63-9E7E-44E5-9A64-90E20AF61A01}.Debug|x64.Build.0 = Debug|x64
		{A8E2FB63-9E7E-44E5-9A64-90E20AF61A01}.Release|x64.ActiveCfg = Release|x64
		{A8E2FB63-9E7E-44E5-9A64-90E20AF61A01}.Release|x64.Build.0 = Release|x64
	EndGlobalSection
	GlobalSection(SolutionProperties) = preSolution
		HideSolutionNode = FALSE
	EndGlobalSection
	GlobalSection(ExtensibilityGlobals) = postSolution
		SolutionGuid = {9CF467C2-6E27-4C19-B5AF-49C52815C4D9}
	EndGlobalSection
EndGlobal
